
Microsoft Visual Studio Solution File, Format Version 12.00
# Visual Studio Version 17
VisualStudioVersion = 17.9.34902.65
MinimumVisualStudioVersion = 10.0.40219.1
Project("{FAE04EC0-301F-11D3-BF4B-00C04F79EFBC}") = "SgnalR-Test", "SgnalR-Test\SgnalR-Test.csproj", "{3C9B779B-4CC9-4D91-995F-332B36DB51D3}"
EndProject
Global
	GlobalSection(SolutionConfigurationPlatforms) = preSolution
		Debug|Any CPU = Debug|Any CPU
		Release|Any CPU = Release|Any CPU
	EndGlobalSection
	GlobalSection(ProjectConfigurationPlatforms) = postSolution
		{3C9B779B-4CC9-4D91-995F-332B36DB51D3}.Debug|Any CPU.ActiveCfg = Debug|Any CPU
		{3C9B779B-4CC9-4D91-995F-332B36DB51D3}.Debug|Any CPU.Build.0 = Debug|Any CPU
		{3C9B779B-4CC9-4D91-995F-332B36DB51D3}.Release|Any CPU.ActiveCfg = Release|Any CPU
		{3C9B779B-4CC9-4D91-995F-332B36DB51D3}.Release|Any CPU.Build.0 = Release|Any CPU
	EndGlobalSection
	GlobalSection(SolutionProperties) = preSolution
		HideSolutionNode = FALSE
	EndGlobalSection
	GlobalSection(ExtensibilityGlobals) = postSolution
		SolutionGuid = {0F43E837-2A70-4E6B-9CDB-BFDF1CF6BFB8}
	EndGlobalSection
EndGlobal
